
Microsoft Visual Studio Solution File, Format Version 12.00
# Visual Studio 15
VisualStudioVersion = 15.0.28307.1500
MinimumVisualStudioVersion = 10.0.40219.1
Project("{F14B399A-7131-4C87-9E4B-1186C45EF12D}") = "PurchaseQuotNew", "PurchaseQuotNew\PurchaseQuotNew.rptproj", "{51A8CC64-4F74-4183-A750-400B4F514AF7}"
EndProject
Global
	GlobalSection(SolutionConfigurationPlatforms) = preSolution
		Debug|Any CPU = Debug|Any CPU
		DebugLocal|Any CPU = DebugLocal|Any CPU
		Release|Any CPU = Release|Any CPU
	EndGlobalSection
	GlobalSection(ProjectConfigurationPlatforms) = postSolution
		{51A8CC64-4F74-4183-A750-400B4F514AF7}.Debug|Any CPU.ActiveCfg = Debug
		{51A8CC64-4F74-4183-A750-400B4F514AF7}.Debug|Any CPU.Build.0 = Debug
		{51A8CC64-4F74-4183-A750-400B4F514AF7}.Debug|Any CPU.Deploy.0 = Debug
		{51A8CC64-4F74-4183-A750-400B4F514AF7}.DebugLocal|Any CPU.ActiveCfg = DebugLocal
		{51A8CC64-4F74-4183-A750-400B4F514AF7}.DebugLocal|Any CPU.Build.0 = DebugLocal
		{51A8CC64-4F74-4183-A750-400B4F514AF7}.DebugLocal|Any CPU.Deploy.0 = DebugLocal
		{51A8CC64-4F74-4183-A750-400B4F514AF7}.Release|Any CPU.ActiveCfg = Release
		{51A8CC64-4F74-4183-A750-400B4F514AF7}.Release|Any CPU.Build.0 = Release
		{51A8CC64-4F74-4183-A750-400B4F514AF7}.Release|Any CPU.Deploy.0 = Release
	EndGlobalSection
	GlobalSection(SolutionProperties) = preSolution
		HideSolutionNode = FALSE
	EndGlobalSection
	GlobalSection(ExtensibilityGlobals) = postSolution
		SolutionGuid = {6D2FB1ED-15EB-4D89-AC55-54B47ACD874D}
	EndGlobalSection
EndGlobal
